
Microsoft Visual Studio Solution File, Format Version 12.00
# Visual Studio 2013
VisualStudioVersion = 12.0.31101.0
MinimumVisualStudioVersion = 10.0.40219.1
Project("{FAE04EC0-301F-11D3-BF4B-00C04F79EFBC}") = "TempleFileFormats", "TempleFileFormats\TempleFileFormats.csproj", "{FAB78FD9-5F17-45CC-859E-ACC7A3D6C837}"
EndProject
Project("{2150E333-8FDC-42A3-9474-1A3956D46DE8}") = "Utilities", "Utilities", "{BCB37FF9-E2D7-4935-87A2-E42037B2BA55}"
EndProject
Project("{FAE04EC0-301F-11D3-BF4B-00C04F79EFBC}") = "ExtractSaveGame", "ExtractSaveGame\ExtractSaveGame.csproj", "{5781AD8D-92A4-4CF2-BB20-27697F18BF3A}"
	ProjectSection(ProjectDependencies) = postProject
		{FAB78FD9-5F17-45CC-859E-ACC7A3D6C837} = {FAB78FD9-5F17-45CC-859E-ACC7A3D6C837}
	EndProjectSection
EndProject
Project("{FAE04EC0-301F-11D3-BF4B-00C04F79EFBC}") = "CompressSaveGame", "CompressSaveGame\CompressSaveGame.csproj", "{795F6040-0805-4A54-93BD-FA958473B507}"
EndProject
Project("{FAE04EC0-301F-11D3-BF4B-00C04F79EFBC}") = "DumpSectors", "DumpSectors\DumpSectors.csproj", "{831DA75B-2945-4152-9F8C-78741DEBF023}"
EndProject
Project("{FAE04EC0-301F-11D3-BF4B-00C04F79EFBC}") = "DumpMob", "DumpMob\DumpMob.csproj", "{90B50DEA-55A1-4294-91BA-F242DC212282}"
EndProject
Project("{FAE04EC0-301F-11D3-BF4B-00C04F79EFBC}") = "DumpFontFace", "DumpFontFace\DumpFontFace.csproj", "{10BC3102-3CF2-4C7D-A765-780574037341}"
EndProject
Project("{2150E333-8FDC-42A3-9474-1A3956D46DE8}") = ".nuget", ".nuget", "{19A65335-E625-45BB-ABB6-B1354972F818}"
	ProjectSection(SolutionItems) = preProject
		.nuget\NuGet.Config = .nuget\NuGet.Config
		.nuget\NuGet.exe = .nuget\NuGet.exe
		.nuget\NuGet.targets = .nuget\NuGet.targets
	EndProjectSection
EndProject
Project("{FAE04EC0-301F-11D3-BF4B-00C04F79EFBC}") = "BuildFontFace", "BuildFontFace\BuildFontFace.csproj", "{4724C050-5DDB-4FEF-8CCD-1574686CF3B4}"
EndProject
Project("{8BC9CEB8-8B4A-11D0-8D11-00A0C91BC942}") = "TioPack", "TioPack\TioPack.vcxproj", "{DBEF21D8-A4F8-4800-AC9C-A6F98AB63432}"
EndProject
Global
	GlobalSection(SolutionConfigurationPlatforms) = preSolution
		Debug|Any CPU = Debug|Any CPU
		Debug|Mixed Platforms = Debug|Mixed Platforms
		Debug|Win32 = Debug|Win32
		Release|Any CPU = Release|Any CPU
		Release|Mixed Platforms = Release|Mixed Platforms
		Release|Win32 = Release|Win32
	EndGlobalSection
	GlobalSection(ProjectConfigurationPlatforms) = postSolution
		{FAB78FD9-5F17-45CC-859E-ACC7A3D6C837}.Debug|Any CPU.ActiveCfg = Debug|Any CPU
		{FAB78FD9-5F17-45CC-859E-ACC7A3D6C837}.Debug|Any CPU.Build.0 = Debug|Any CPU
		{FAB78FD9-5F17-45CC-859E-ACC7A3D6C837}.Debug|Mixed Platforms.ActiveCfg = Debug|Any CPU
		{FAB78FD9-5F17-45CC-859E-ACC7A3D6C837}.Debug|Mixed Platforms.Build.0 = Debug|Any CPU
		{FAB78FD9-5F17-45CC-859E-ACC7A3D6C837}.Debug|Win32.ActiveCfg = Debug|Any CPU
		{FAB78FD9-5F17-45CC-859E-ACC7A3D6C837}.Release|Any CPU.ActiveCfg = Release|Any CPU
		{FAB78FD9-5F17-45CC-859E-ACC7A3D6C837}.Release|Any CPU.Build.0 = Release|Any CPU
		{FAB78FD9-5F17-45CC-859E-ACC7A3D6C837}.Release|Mixed Platforms.ActiveCfg = Release|Any CPU
		{FAB78FD9-5F17-45CC-859E-ACC7A3D6C837}.Release|Mixed Platforms.Build.0 = Release|Any CPU
		{FAB78FD9-5F17-45CC-859E-ACC7A3D6C837}.Release|Win32.ActiveCfg = Release|Any CPU
		{5781AD8D-92A4-4CF2-BB20-27697F18BF3A}.Debug|Any CPU.ActiveCfg = Debug|Any CPU
		{5781AD8D-92A4-4CF2-BB20-27697F18BF3A}.Debug|Any CPU.Build.0 = Debug|Any CPU
		{5781AD8D-92A4-4CF2-BB20-27697F18BF3A}.Debug|Mixed Platforms.ActiveCfg = Debug|Any CPU
		{5781AD8D-92A4-4CF2-BB20-27697F18BF3A}.Debug|Mixed Platforms.Build.0 = Debug|Any CPU
		{5781AD8D-92A4-4CF2-BB20-27697F18BF3A}.Debug|Win32.ActiveCfg = Debug|Any CPU
		{5781AD8D-92A4-4CF2-BB20-27697F18BF3A}.Release|Any CPU.ActiveCfg = Release|Any CPU
		{5781AD8D-92A4-4CF2-BB20-27697F18BF3A}.Release|Any CPU.Build.0 = Release|Any CPU
		{5781AD8D-92A4-4CF2-BB20-27697F18BF3A}.Release|Mixed Platforms.ActiveCfg = Release|Any CPU
		{5781AD8D-92A4-4CF2-BB20-27697F18BF3A}.Release|Mixed Platforms.Build.0 = Release|Any CPU
		{5781AD8D-92A4-4CF2-BB20-27697F18BF3A}.Release|Win32.ActiveCfg = Release|Any CPU
		{795F6040-0805-4A54-93BD-FA958473B507}.Debug|Any CPU.ActiveCfg = Debug|Any CPU
		{795F6040-0805-4A54-93BD-FA958473B507}.Debug|Any CPU.Build.0 = Debug|Any CPU
		{795F6040-0805-4A54-93BD-FA958473B507}.Debug|Mixed Platforms.ActiveCfg = Debug|Any CPU
		{795F6040-0805-4A54-93BD-FA958473B507}.Debug|Mixed Platforms.Build.0 = Debug|Any CPU
		{795F6040-0805-4A54-93BD-FA958473B507}.Debug|Win32.ActiveCfg = Debug|Any CPU
		{795F6040-0805-4A54-93BD-FA958473B507}.Release|Any CPU.ActiveCfg = Release|Any CPU
		{795F6040-0805-4A54-93BD-FA958473B507}.Release|Any CPU.Build.0 = Release|Any CPU
		{795F6040-0805-4A54-93BD-FA958473B507}.Release|Mixed Platforms.ActiveCfg = Release|Any CPU
		{795F6040-0805-4A54-93BD-FA958473B507}.Release|Mixed Platforms.Build.0 = Release|Any CPU
		{795F6040-0805-4A54-93BD-FA958473B507}.Release|Win32.ActiveCfg = Release|Any CPU
		{831DA75B-2945-4152-9F8C-78741DEBF023}.Debug|Any CPU.ActiveCfg = Debug|Any CPU
		{831DA75B-2945-4152-9F8C-78741DEBF023}.Debug|Any CPU.Build.0 = Debug|Any CPU
		{831DA75B-2945-4152-9F8C-78741DEBF023}.Debug|Mixed Platforms.ActiveCfg = Debug|Any CPU
		{831DA75B-2945-4152-9F8C-78741DEBF023}.Debug|Mixed Platforms.Build.0 = Debug|Any CPU
		{831DA75B-2945-4152-9F8C-78741DEBF023}.Debug|Win32.ActiveCfg = Debug|Any CPU
		{831DA75B-2945-4152-9F8C-78741DEBF023}.Release|Any CPU.ActiveCfg = Release|Any CPU
		{831DA75B-2945-4152-9F8C-78741DEBF023}.Release|Any CPU.Build.0 = Release|Any CPU
		{831DA75B-2945-4152-9F8C-78741DEBF023}.Release|Mixed Platforms.ActiveCfg = Release|Any CPU
		{831DA75B-2945-4152-9F8C-78741DEBF023}.Release|Mixed Platforms.Build.0 = Release|Any CPU
		{831DA75B-2945-4152-9F8C-78741DEBF023}.Release|Win32.ActiveCfg = Release|Any CPU
		{90B50DEA-55A1-4294-91BA-F242DC212282}.Debug|Any CPU.ActiveCfg = Debug|Any CPU
		{90B50DEA-55A1-4294-91BA-F242DC212282}.Debug|Any CPU.Build.0 = Debug|Any CPU
		{90B50DEA-55A1-4294-91BA-F242DC212282}.Debug|Mixed Platforms.ActiveCfg = Debug|Any CPU
		{90B50DEA-55A1-4294-91BA-F242DC212282}.Debug|Mixed Platforms.Build.0 = Debug|Any CPU
		{90B50DEA-55A1-4294-91BA-F242DC212282}.Debug|Win32.ActiveCfg = Debug|Any CPU
		{90B50DEA-55A1-4294-91BA-F242DC212282}.Release|Any CPU.ActiveCfg = Release|Any CPU
		{90B50DEA-55A1-4294-91BA-F242DC212282}.Release|Any CPU.Build.0 = Release|Any CPU
		{90B50DEA-55A1-4294-91BA-F242DC212282}.Release|Mixed Platforms.ActiveCfg = Release|Any CPU
		{90B50DEA-55A1-4294-91BA-F242DC212282}.Release|Mixed Platforms.Build.0 = Release|Any CPU
		{90B50DEA-55A1-4294-91BA-F242DC212282}.Release|Win32.ActiveCfg = Release|Any CPU
		{10BC3102-3CF2-4C7D-A765-780574037341}.Debug|Any CPU.ActiveCfg = Debug|Any CPU
		{10BC3102-3CF2-4C7D-A765-780574037341}.Debug|Any CPU.Build.0 = Debug|Any CPU
		{10BC3102-3CF2-4C7D-A765-780574037341}.Debug|Mixed Platforms.ActiveCfg = Debug|Any CPU
		{10BC3102-3CF2-4C7D-A765-780574037341}.Debug|Mixed Platforms.Build.0 = Debug|Any CPU
		{10BC3102-3CF2-4C7D-A765-780574037341}.Debug|Win32.ActiveCfg = Debug|Any CPU
		{10BC3102-3CF2-4C7D-A765-780574037341}.Release|Any CPU.ActiveCfg = Release|Any CPU
		{10BC3102-3CF2-4C7D-A765-780574037341}.Release|Any CPU.Build.0 = Release|Any CPU
		{10BC3102-3CF2-4C7D-A765-780574037341}.Release|Mixed Platforms.ActiveCfg = Release|Any CPU
		{10BC3102-3CF2-4C7D-A765-780574037341}.Release|Mixed Platforms.Build.0 = Release|Any CPU
		{10BC3102-3CF2-4C7D-A765-780574037341}.Release|Win32.ActiveCfg = Release|Any CPU
		{4724C050-5DDB-4FEF-8CCD-1574686CF3B4}.Debug|Any CPU.ActiveCfg = Debug|Any CPU
		{4724C050-5DDB-4FEF-8CCD-1574686CF3B4}.Debug|Any CPU.Build.0 = Debug|Any CPU
		{4724C050-5DDB-4FEF-8CCD-1574686CF3B4}.Debug|Mixed Platforms.ActiveCfg = Debug|Any CPU
		{4724C050-5DDB-4FEF-8CCD-1574686CF3B4}.Debug|Mixed Platforms.Build.0 = Debug|Any CPU
		{4724C050-5DDB-4FEF-8CCD-1574686CF3B4}.Debug|Win32.ActiveCfg = Debug|Any CPU
		{4724C050-5DDB-4FEF-8CCD-1574686CF3B4}.Release|Any CPU.ActiveCfg = Release|Any CPU
		{4724C050-5DDB-4FEF-8CCD-1574686CF3B4}.Release|Any CPU.Build.0 = Release|Any CPU
		{4724C050-5DDB-4FEF-8CCD-1574686CF3B4}.Release|Mixed Platforms.ActiveCfg = Release|Any CPU
		{4724C050-5DDB-4FEF-8CCD-1574686CF3B4}.Release|Mixed Platforms.Build.0 = Release|Any CPU
		{4724C050-5DDB-4FEF-8CCD-1574686CF3B4}.Release|Win32.ActiveCfg = Release|Any CPU
		{DBEF21D8-A4F8-4800-AC9C-A6F98AB63432}.Debug|Any CPU.ActiveCfg = Debug|Win32
		{DBEF21D8-A4F8-4800-AC9C-A6F98AB63432}.Debug|Mixed Platforms.ActiveCfg = Debug|Win32
		{DBEF21D8-A4F8-4800-AC9C-A6F98AB63432}.Debug|Mixed Platforms.Build.0 = Debug|Win32
		{DBEF21D8-A4F8-4800-AC9C-A6F98AB63432}.Debug|Win32.ActiveCfg = Debug|Win32
		{DBEF21D8-A4F8-4800-AC9C-A6F98AB63432}.Debug|Win32.Build.0 = Debug|Win32
		{DBEF21D8-A4F8-4800-AC9C-A6F98AB63432}.Release|Any CPU.ActiveCfg = Release|Win32
		{DBEF21D8-A4F8-4800-AC9C-A6F98AB63432}.Release|Mixed Platforms.ActiveCfg = Release|Win32
		{DBEF21D8-A4F8-4800-AC9C-A6F98AB63432}.Release|Mixed Platforms.Build.0 = Release|Win32
		{DBEF21D8-A4F8-4800-AC9C-A6F98AB63432}.Release|Win32.ActiveCfg = Release|Win32
		{DBEF21D8-A4F8-4800-AC9C-A6F98AB63432}.Release|Win32.Build.0 = Release|Win32
	EndGlobalSection
	GlobalSection(SolutionProperties) = preSolution
		HideSolutionNode = FALSE
	EndGlobalSection
	GlobalSection(NestedProjects) = preSolution
		{5781AD8D-92A4-4CF2-BB20-27697F18BF3A} = {BCB37FF9-E2D7-4935-87A2-E42037B2BA55}
		{795F6040-0805-4A54-93BD-FA958473B507} = {BCB37FF9-E2D7-4935-87A2-E42037B2BA55}
		{831DA75B-2945-4152-9F8C-78741DEBF023} = {BCB37FF9-E2D7-4935-87A2-E42037B2BA55}
		{90B50DEA-55A1-4294-91BA-F242DC212282} = {BCB37FF9-E2D7-4935-87A2-E42037B2BA55}
		{10BC3102-3CF2-4C7D-A765-780574037341} = {BCB37FF9-E2D7-4935-87A2-E42037B2BA55}
		{4724C050-5DDB-4FEF-8CCD-1574686CF3B4} = {BCB37FF9-E2D7-4935-87A2-E42037B2BA55}
		{DBEF21D8-A4F8-4800-AC9C-A6F98AB63432} = {BCB37FF9-E2D7-4935-87A2-E42037B2BA55}
	EndGlobalSection
EndGlobal
